
Microsoft Visual Studio Solution File, Format Version 12.00
# Visual Studio Version 17
VisualStudioVersion = 17.13.35931.197 d17.13
MinimumVisualStudioVersion = 10.0.40219.1
Project("{FAE04EC0-301F-11D3-BF4B-00C04F79EFBC}") = "Generador Cripto Z", "Generador Cripto Z\Generador Cripto Z.csproj", "{E58B71D6-4D2E-4144-A967-827E1653B758}"
EndProject
Global
	GlobalSection(SolutionConfigurationPlatforms) = preSolution
		Debug|Any CPU = Debug|Any CPU
		Release|Any CPU = Release|Any CPU
	EndGlobalSection
	GlobalSection(ProjectConfigurationPlatforms) = postSolution
		{E58B71D6-4D2E-4144-A967-827E1653B758}.Debug|Any CPU.ActiveCfg = Debug|Any CPU
		{E58B71D6-4D2E-4144-A967-827E1653B758}.Debug|Any CPU.Build.0 = Debug|Any CPU
		{E58B71D6-4D2E-4144-A967-827E1653B758}.Release|Any CPU.ActiveCfg = Release|Any CPU
		{E58B71D6-4D2E-4144-A967-827E1653B758}.Release|Any CPU.Build.0 = Release|Any CPU
	EndGlobalSection
	GlobalSection(SolutionProperties) = preSolution
		HideSolutionNode = FALSE
	EndGlobalSection
	GlobalSection(ExtensibilityGlobals) = postSolution
		SolutionGuid = {3299A110-1BCD-4341-BEED-8367244B6532}
	EndGlobalSection
EndGlobal
